
Microsoft Visual Studio Solution File, Format Version 12.00
# Visual Studio 15
VisualStudioVersion = 15.0.27428.2015
MinimumVisualStudioVersion = 10.0.40219.1
Project("{FAE04EC0-301F-11D3-BF4B-00C04F79EFBC}") = "Parcial_Ing_Soft", "Parcial_Ing_Soft\Parcial_Ing_Soft.csproj", "{8F11B1A4-B14F-4E90-9D74-ABA6F33D823A}"
EndProject
Global
	GlobalSection(SolutionConfigurationPlatforms) = preSolution
		Debug|Any CPU = Debug|Any CPU
		Release|Any CPU = Release|Any CPU
	EndGlobalSection
	GlobalSection(ProjectConfigurationPlatforms) = postSolution
		{8F11B1A4-B14F-4E90-9D74-ABA6F33D823A}.Debug|Any CPU.ActiveCfg = Debug|Any CPU
		{8F11B1A4-B14F-4E90-9D74-ABA6F33D823A}.Debug|Any CPU.Build.0 = Debug|Any CPU
		{8F11B1A4-B14F-4E90-9D74-ABA6F33D823A}.Release|Any CPU.ActiveCfg = Release|Any CPU
		{8F11B1A4-B14F-4E90-9D74-ABA6F33D823A}.Release|Any CPU.Build.0 = Release|Any CPU
	EndGlobalSection
	GlobalSection(SolutionProperties) = preSolution
		HideSolutionNode = FALSE
	EndGlobalSection
	GlobalSection(ExtensibilityGlobals) = postSolution
		SolutionGuid = {08B94496-50BB-405D-911A-83B8F4FF44FC}
	EndGlobalSection
EndGlobal
